
Microsoft Visual Studio Solution File, Format Version 12.00
Project("{FAE04EC0-301F-11D3-BF4B-00C04F79EFBC}") = "RefillMod", "RefillMod\RefillMod.csproj", "{F84C6E64-80E2-42E1-96ED-2167BA433F6A}"
EndProject
Global
	GlobalSection(SolutionConfigurationPlatforms) = preSolution
		Debug|Any CPU = Debug|Any CPU
		Release|Any CPU = Release|Any CPU
	EndGlobalSection
	GlobalSection(ProjectConfigurationPlatforms) = postSolution
		{F84C6E64-80E2-42E1-96ED-2167BA433F6A}.Debug|Any CPU.ActiveCfg = Debug|Any CPU
		{F84C6E64-80E2-42E1-96ED-2167BA433F6A}.Debug|Any CPU.Build.0 = Debug|Any CPU
		{F84C6E64-80E2-42E1-96ED-2167BA433F6A}.Release|Any CPU.ActiveCfg = Release|Any CPU
		{F84C6E64-80E2-42E1-96ED-2167BA433F6A}.Release|Any CPU.Build.0 = Release|Any CPU
	EndGlobalSection
EndGlobal
